
Microsoft Visual Studio Solution File, Format Version 12.00
# Visual Studio Version 17
VisualStudioVersion = 17.9.34728.123
MinimumVisualStudioVersion = 10.0.40219.1
Project("{8BC9CEB8-8B4A-11D0-8D11-00A0C91BC942}") = "siteChk", "siteChk\siteChk.vcxproj", "{D2CD0142-76F3-4D30-AFD1-8E7A341EC48F}"
EndProject
Global
	GlobalSection(SolutionConfigurationPlatforms) = preSolution
		Debug|x64 = Debug|x64
		Debug|x86 = Debug|x86
		Release|x64 = Release|x64
		Release|x86 = Release|x86
	EndGlobalSection
	GlobalSection(ProjectConfigurationPlatforms) = postSolution
		{D2CD0142-76F3-4D30-AFD1-8E7A341EC48F}.Debug|x64.ActiveCfg = Debug|x64
		{D2CD0142-76F3-4D30-AFD1-8E7A341EC48F}.Debug|x64.Build.0 = Debug|x64
		{D2CD0142-76F3-4D30-AFD1-8E7A341EC48F}.Debug|x86.ActiveCfg = Debug|Win32
		{D2CD0142-76F3-4D30-AFD1-8E7A341EC48F}.Debug|x86.Build.0 = Debug|Win32
		{D2CD0142-76F3-4D30-AFD1-8E7A341EC48F}.Release|x64.ActiveCfg = Release|x64
		{D2CD0142-76F3-4D30-AFD1-8E7A341EC48F}.Release|x64.Build.0 = Release|x64
		{D2CD0142-76F3-4D30-AFD1-8E7A341EC48F}.Release|x86.ActiveCfg = Release|Win32
		{D2CD0142-76F3-4D30-AFD1-8E7A341EC48F}.Release|x86.Build.0 = Release|Win32
	EndGlobalSection
	GlobalSection(SolutionProperties) = preSolution
		HideSolutionNode = FALSE
	EndGlobalSection
	GlobalSection(ExtensibilityGlobals) = postSolution
		SolutionGuid = {4C010B8C-F568-4D12-BCE8-0F916B6E2A1E}
	EndGlobalSection
EndGlobal
